
Microsoft Visual Studio Solution File, Format Version 12.00
# Visual Studio Version 16
VisualStudioVersion = 16.0.31402.337
MinimumVisualStudioVersion = 10.0.40219.1
Project("{FAE04EC0-301F-11D3-BF4B-00C04F79EFBC}") = "Login.Api", "Login.Api\Login.Api.csproj", "{8135BA95-F187-4DD8-BCE5-E3190A83F3E3}"
EndProject
Global
	GlobalSection(SolutionConfigurationPlatforms) = preSolution
		Debug|Any CPU = Debug|Any CPU
		Release|Any CPU = Release|Any CPU
	EndGlobalSection
	GlobalSection(ProjectConfigurationPlatforms) = postSolution
		{8135BA95-F187-4DD8-BCE5-E3190A83F3E3}.Debug|Any CPU.ActiveCfg = Debug|Any CPU
		{8135BA95-F187-4DD8-BCE5-E3190A83F3E3}.Debug|Any CPU.Build.0 = Debug|Any CPU
		{8135BA95-F187-4DD8-BCE5-E3190A83F3E3}.Release|Any CPU.ActiveCfg = Release|Any CPU
		{8135BA95-F187-4DD8-BCE5-E3190A83F3E3}.Release|Any CPU.Build.0 = Release|Any CPU
	EndGlobalSection
	GlobalSection(SolutionProperties) = preSolution
		HideSolutionNode = FALSE
	EndGlobalSection
	GlobalSection(ExtensibilityGlobals) = postSolution
		SolutionGuid = {B176B006-3747-4FD1-9F81-73FFDE1E3DE6}
	EndGlobalSection
EndGlobal
